
Microsoft Visual Studio Solution File, Format Version 12.00
# Visual Studio 15
VisualStudioVersion = 15.0.27130.2036
MinimumVisualStudioVersion = 10.0.40219.1
Project("{2150E333-8FDC-42A3-9474-1A3956D46DE8}") = "src", "src", "{5AF9D36A-D67E-447C-A107-E06B5056134F}"
EndProject
Project("{2150E333-8FDC-42A3-9474-1A3956D46DE8}") = "test", "test", "{0404144B-C367-4348-A70F-8EA0C1611B82}"
EndProject
Project("{2150E333-8FDC-42A3-9474-1A3956D46DE8}") = "Solution Items", "Solution Items", "{E73332CE-4CEB-4011-AD9E-2E9FDBA184F9}"
	ProjectSection(SolutionItems) = preProject
		appveyor.yml = appveyor.yml
		Build.ps1 = Build.ps1
		NuGet.config = NuGet.config
		README.md = README.md
	EndProjectSection
EndProject
Project("{9A19103F-16F7-4668-BE54-9A1E7A4F7556}") = "MotiNet.Extensions.Entities.Core", "src\MotiNet.Extensions.Entities.Core\MotiNet.Extensions.Entities.Core.csproj", "{CA26C993-AF8B-4B6C-ABCA-ECAAFE5E6121}"
EndProject
Project("{9A19103F-16F7-4668-BE54-9A1E7A4F7556}") = "MotiNet.Extensions.Entities.EntityFrameworkCore", "src\MotiNet.Extensions.Entities.EntityFrameworkCore\MotiNet.Extensions.Entities.EntityFrameworkCore.csproj", "{73FB8A4C-F06C-4569-8C3E-C19C69C9BE41}"
EndProject
Project("{9A19103F-16F7-4668-BE54-9A1E7A4F7556}") = "MotiNet.Extensions.Entities.EntityFrameworkCore.Test", "test\MotiNet.Extensions.Entities.EntityFrameworkCore.Test\MotiNet.Extensions.Entities.EntityFrameworkCore.Test.csproj", "{FA4B086F-16CD-4199-BFE3-B4542862153B}"
EndProject
Project("{9A19103F-16F7-4668-BE54-9A1E7A4F7556}") = "MotiNet.Extensions.Entities.EntityMarkers", "src\MotiNet.Extensions.Entities.EntityMarkers\MotiNet.Extensions.Entities.EntityMarkers.csproj", "{8A7632A4-B1B1-4EA9-80C7-42DFAFA0AE18}"
EndProject
Project("{9A19103F-16F7-4668-BE54-9A1E7A4F7556}") = "MotiNet.Extensions.Entities.Core.Test", "test\MotiNet.Extensions.Entities.Core.Test\MotiNet.Extensions.Entities.Core.Test.csproj", "{E0443460-6E24-4804-9CCE-54FC656E1958}"
EndProject
Global
	GlobalSection(SolutionConfigurationPlatforms) = preSolution
		Debug|Any CPU = Debug|Any CPU
		Release|Any CPU = Release|Any CPU
	EndGlobalSection
	GlobalSection(ProjectConfigurationPlatforms) = postSolution
		{CA26C993-AF8B-4B6C-ABCA-ECAAFE5E6121}.Debug|Any CPU.ActiveCfg = Debug|Any CPU
		{CA26C993-AF8B-4B6C-ABCA-ECAAFE5E6121}.Debug|Any CPU.Build.0 = Debug|Any CPU
		{CA26C993-AF8B-4B6C-ABCA-ECAAFE5E6121}.Release|Any CPU.ActiveCfg = Release|Any CPU
		{CA26C993-AF8B-4B6C-ABCA-ECAAFE5E6121}.Release|Any CPU.Build.0 = Release|Any CPU
		{73FB8A4C-F06C-4569-8C3E-C19C69C9BE41}.Debug|Any CPU.ActiveCfg = Debug|Any CPU
		{73FB8A4C-F06C-4569-8C3E-C19C69C9BE41}.Debug|Any CPU.Build.0 = Debug|Any CPU
		{73FB8A4C-F06C-4569-8C3E-C19C69C9BE41}.Release|Any CPU.ActiveCfg = Release|Any CPU
		{73FB8A4C-F06C-4569-8C3E-C19C69C9BE41}.Release|Any CPU.Build.0 = Release|Any CPU
		{FA4B086F-16CD-4199-BFE3-B4542862153B}.Debug|Any CPU.ActiveCfg = Debug|Any CPU
		{FA4B086F-16CD-4199-BFE3-B4542862153B}.Debug|Any CPU.Build.0 = Debug|Any CPU
		{FA4B086F-16CD-4199-BFE3-B4542862153B}.Release|Any CPU.ActiveCfg = Release|Any CPU
		{FA4B086F-16CD-4199-BFE3-B4542862153B}.Release|Any CPU.Build.0 = Release|Any CPU
		{8A7632A4-B1B1-4EA9-80C7-42DFAFA0AE18}.Debug|Any CPU.ActiveCfg = Debug|Any CPU
		{8A7632A4-B1B1-4EA9-80C7-42DFAFA0AE18}.Debug|Any CPU.Build.0 = Debug|Any CPU
		{8A7632A4-B1B1-4EA9-80C7-42DFAFA0AE18}.Release|Any CPU.ActiveCfg = Release|Any CPU
		{8A7632A4-B1B1-4EA9-80C7-42DFAFA0AE18}.Release|Any CPU.Build.0 = Release|Any CPU
		{E0443460-6E24-4804-9CCE-54FC656E1958}.Debug|Any CPU.ActiveCfg = Debug|Any CPU
		{E0443460-6E24-4804-9CCE-54FC656E1958}.Debug|Any CPU.Build.0 = Debug|Any CPU
		{E0443460-6E24-4804-9CCE-54FC656E1958}.Release|Any CPU.ActiveCfg = Release|Any CPU
		{E0443460-6E24-4804-9CCE-54FC656E1958}.Release|Any CPU.Build.0 = Release|Any CPU
	EndGlobalSection
	GlobalSection(SolutionProperties) = preSolution
		HideSolutionNode = FALSE
	EndGlobalSection
	GlobalSection(NestedProjects) = preSolution
		{CA26C993-AF8B-4B6C-ABCA-ECAAFE5E6121} = {5AF9D36A-D67E-447C-A107-E06B5056134F}
		{73FB8A4C-F06C-4569-8C3E-C19C69C9BE41} = {5AF9D36A-D67E-447C-A107-E06B5056134F}
		{FA4B086F-16CD-4199-BFE3-B4542862153B} = {0404144B-C367-4348-A70F-8EA0C1611B82}
		{8A7632A4-B1B1-4EA9-80C7-42DFAFA0AE18} = {5AF9D36A-D67E-447C-A107-E06B5056134F}
		{E0443460-6E24-4804-9CCE-54FC656E1958} = {0404144B-C367-4348-A70F-8EA0C1611B82}
	EndGlobalSection
	GlobalSection(ExtensibilityGlobals) = postSolution
		SolutionGuid = {0BFA25D2-C788-45B7-9232-B6F15242EAB8}
	EndGlobalSection
EndGlobal
